
Microsoft Visual Studio Solution File, Format Version 12.00
# Visual Studio Version 17
VisualStudioVersion = 17.5.002.0
MinimumVisualStudioVersion = 10.0.40219.1
Project("{9A19103F-16F7-4668-BE54-9A1E7A4F7556}") = "Arb2", "Arb2.csproj", "{0592FBF4-04A6-422C-8657-08CCC39A51B2}"
EndProject
Global
	GlobalSection(SolutionConfigurationPlatforms) = preSolution
		Debug|Any CPU = Debug|Any CPU
		Release|Any CPU = Release|Any CPU
	EndGlobalSection
	GlobalSection(ProjectConfigurationPlatforms) = postSolution
		{0592FBF4-04A6-422C-8657-08CCC39A51B2}.Debug|Any CPU.ActiveCfg = Debug|Any CPU
		{0592FBF4-04A6-422C-8657-08CCC39A51B2}.Debug|Any CPU.Build.0 = Debug|Any CPU
		{0592FBF4-04A6-422C-8657-08CCC39A51B2}.Release|Any CPU.ActiveCfg = Release|Any CPU
		{0592FBF4-04A6-422C-8657-08CCC39A51B2}.Release|Any CPU.Build.0 = Release|Any CPU
	EndGlobalSection
	GlobalSection(SolutionProperties) = preSolution
		HideSolutionNode = FALSE
	EndGlobalSection
	GlobalSection(ExtensibilityGlobals) = postSolution
		SolutionGuid = {A5563C7A-2E50-4F65-957D-497C77E5A5A1}
	EndGlobalSection
EndGlobal
